
Microsoft Visual Studio Solution File, Format Version 12.00
# Visual Studio Version 17
VisualStudioVersion = 17.6.33829.357
MinimumVisualStudioVersion = 10.0.40219.1
Project("{FAE04EC0-301F-11D3-BF4B-00C04F79EFBC}") = "FactoryAbstractClassLibrary", "FactoryAbstractClassLibrary\FactoryAbstractClassLibrary.csproj", "{10DA341A-1ED5-45D8-B046-9951B1362063}"
EndProject
Global
	GlobalSection(SolutionConfigurationPlatforms) = preSolution
		Debug|Any CPU = Debug|Any CPU
		Release|Any CPU = Release|Any CPU
	EndGlobalSection
	GlobalSection(ProjectConfigurationPlatforms) = postSolution
		{10DA341A-1ED5-45D8-B046-9951B1362063}.Debug|Any CPU.ActiveCfg = Debug|Any CPU
		{10DA341A-1ED5-45D8-B046-9951B1362063}.Debug|Any CPU.Build.0 = Debug|Any CPU
		{10DA341A-1ED5-45D8-B046-9951B1362063}.Release|Any CPU.ActiveCfg = Release|Any CPU
		{10DA341A-1ED5-45D8-B046-9951B1362063}.Release|Any CPU.Build.0 = Release|Any CPU
	EndGlobalSection
	GlobalSection(SolutionProperties) = preSolution
		HideSolutionNode = FALSE
	EndGlobalSection
	GlobalSection(ExtensibilityGlobals) = postSolution
		SolutionGuid = {AAC90671-0A12-4055-9C4C-6373100DC010}
	EndGlobalSection
EndGlobal
